
Microsoft Visual Studio Solution File, Format Version 12.00
# Visual Studio 15
VisualStudioVersion = 15.0.26124.0
MinimumVisualStudioVersion = 15.0.26124.0
Project("{2150E333-8FDC-42A3-9474-1A3956D46DE8}") = "src", "src", "{905D2607-B77F-4052-A74C-5F708A3FC498}"
EndProject
Project("{FAE04EC0-301F-11D3-BF4B-00C04F79EFBC}") = "ThirdPart.ManagedWrapper", "src\ThirdPart.ManagedWrapper\ThirdPart.ManagedWrapper.csproj", "{FAA77B40-654F-4B7B-A6C2-ADB6F99FA5F9}"
EndProject
Project("{2150E333-8FDC-42A3-9474-1A3956D46DE8}") = "samples", "samples", "{431BA7DF-2A22-498F-B64D-BFAA3FCE4D7C}"
EndProject
Project("{FAE04EC0-301F-11D3-BF4B-00C04F79EFBC}") = "ThirdPartSample", "samples\ThirdPartSample\ThirdPartSample.csproj", "{1A181623-C363-48D3-B025-3721ED96076C}"
EndProject
Global
	GlobalSection(SolutionConfigurationPlatforms) = preSolution
		Debug|Any CPU = Debug|Any CPU
		Debug|x64 = Debug|x64
		Debug|x86 = Debug|x86
		Release|Any CPU = Release|Any CPU
		Release|x64 = Release|x64
		Release|x86 = Release|x86
	EndGlobalSection
	GlobalSection(SolutionProperties) = preSolution
		HideSolutionNode = FALSE
	EndGlobalSection
	GlobalSection(ProjectConfigurationPlatforms) = postSolution
		{FAA77B40-654F-4B7B-A6C2-ADB6F99FA5F9}.Debug|Any CPU.ActiveCfg = Debug|Any CPU
		{FAA77B40-654F-4B7B-A6C2-ADB6F99FA5F9}.Debug|Any CPU.Build.0 = Debug|Any CPU
		{FAA77B40-654F-4B7B-A6C2-ADB6F99FA5F9}.Debug|x64.ActiveCfg = Debug|Any CPU
		{FAA77B40-654F-4B7B-A6C2-ADB6F99FA5F9}.Debug|x64.Build.0 = Debug|Any CPU
		{FAA77B40-654F-4B7B-A6C2-ADB6F99FA5F9}.Debug|x86.ActiveCfg = Debug|Any CPU
		{FAA77B40-654F-4B7B-A6C2-ADB6F99FA5F9}.Debug|x86.Build.0 = Debug|Any CPU
		{FAA77B40-654F-4B7B-A6C2-ADB6F99FA5F9}.Release|Any CPU.ActiveCfg = Release|Any CPU
		{FAA77B40-654F-4B7B-A6C2-ADB6F99FA5F9}.Release|Any CPU.Build.0 = Release|Any CPU
		{FAA77B40-654F-4B7B-A6C2-ADB6F99FA5F9}.Release|x64.ActiveCfg = Release|Any CPU
		{FAA77B40-654F-4B7B-A6C2-ADB6F99FA5F9}.Release|x64.Build.0 = Release|Any CPU
		{FAA77B40-654F-4B7B-A6C2-ADB6F99FA5F9}.Release|x86.ActiveCfg = Release|Any CPU
		{FAA77B40-654F-4B7B-A6C2-ADB6F99FA5F9}.Release|x86.Build.0 = Release|Any CPU
		{1A181623-C363-48D3-B025-3721ED96076C}.Debug|Any CPU.ActiveCfg = Debug|Any CPU
		{1A181623-C363-48D3-B025-3721ED96076C}.Debug|Any CPU.Build.0 = Debug|Any CPU
		{1A181623-C363-48D3-B025-3721ED96076C}.Debug|x64.ActiveCfg = Debug|Any CPU
		{1A181623-C363-48D3-B025-3721ED96076C}.Debug|x64.Build.0 = Debug|Any CPU
		{1A181623-C363-48D3-B025-3721ED96076C}.Debug|x86.ActiveCfg = Debug|Any CPU
		{1A181623-C363-48D3-B025-3721ED96076C}.Debug|x86.Build.0 = Debug|Any CPU
		{1A181623-C363-48D3-B025-3721ED96076C}.Release|Any CPU.ActiveCfg = Release|Any CPU
		{1A181623-C363-48D3-B025-3721ED96076C}.Release|Any CPU.Build.0 = Release|Any CPU
		{1A181623-C363-48D3-B025-3721ED96076C}.Release|x64.ActiveCfg = Release|Any CPU
		{1A181623-C363-48D3-B025-3721ED96076C}.Release|x64.Build.0 = Release|Any CPU
		{1A181623-C363-48D3-B025-3721ED96076C}.Release|x86.ActiveCfg = Release|Any CPU
		{1A181623-C363-48D3-B025-3721ED96076C}.Release|x86.Build.0 = Release|Any CPU
	EndGlobalSection
	GlobalSection(NestedProjects) = preSolution
		{FAA77B40-654F-4B7B-A6C2-ADB6F99FA5F9} = {905D2607-B77F-4052-A74C-5F708A3FC498}
		{1A181623-C363-48D3-B025-3721ED96076C} = {431BA7DF-2A22-498F-B64D-BFAA3FCE4D7C}
	EndGlobalSection
EndGlobal
